
Microsoft Visual Studio Solution File, Format Version 12.00
# Visual Studio Version 17
VisualStudioVersion = 17.5.33414.496
MinimumVisualStudioVersion = 10.0.40219.1
Project("{FAE04EC0-301F-11D3-BF4B-00C04F79EFBC}") = "Dapter", "Dapter\Dapter.csproj", "{B2B4558B-0701-406B-9787-56B8A9425579}"
EndProject
Project("{00D1A9C2-B5F0-4AF3-8072-F6C62B433612}") = "DapterDB", "DapterDB\DapterDB.sqlproj", "{C93AA6DD-16E0-4DC8-874D-D9FAE98F4713}"
EndProject
Global
	GlobalSection(SolutionConfigurationPlatforms) = preSolution
		Debug|Any CPU = Debug|Any CPU
		Release|Any CPU = Release|Any CPU
	EndGlobalSection
	GlobalSection(ProjectConfigurationPlatforms) = postSolution
		{B2B4558B-0701-406B-9787-56B8A9425579}.Debug|Any CPU.ActiveCfg = Debug|Any CPU
		{B2B4558B-0701-406B-9787-56B8A9425579}.Debug|Any CPU.Build.0 = Debug|Any CPU
		{B2B4558B-0701-406B-9787-56B8A9425579}.Release|Any CPU.ActiveCfg = Release|Any CPU
		{B2B4558B-0701-406B-9787-56B8A9425579}.Release|Any CPU.Build.0 = Release|Any CPU
		{C93AA6DD-16E0-4DC8-874D-D9FAE98F4713}.Debug|Any CPU.ActiveCfg = Debug|Any CPU
		{C93AA6DD-16E0-4DC8-874D-D9FAE98F4713}.Debug|Any CPU.Build.0 = Debug|Any CPU
		{C93AA6DD-16E0-4DC8-874D-D9FAE98F4713}.Debug|Any CPU.Deploy.0 = Debug|Any CPU
		{C93AA6DD-16E0-4DC8-874D-D9FAE98F4713}.Release|Any CPU.ActiveCfg = Release|Any CPU
		{C93AA6DD-16E0-4DC8-874D-D9FAE98F4713}.Release|Any CPU.Build.0 = Release|Any CPU
		{C93AA6DD-16E0-4DC8-874D-D9FAE98F4713}.Release|Any CPU.Deploy.0 = Release|Any CPU
	EndGlobalSection
	GlobalSection(SolutionProperties) = preSolution
		HideSolutionNode = FALSE
	EndGlobalSection
	GlobalSection(ExtensibilityGlobals) = postSolution
		SolutionGuid = {E22BD5DE-2AFB-4968-943A-1CD18CF9EFA3}
	EndGlobalSection
EndGlobal
